
Microsoft Visual Studio Solution File, Format Version 12.00
# Visual Studio 15
Project("{FAE04EC0-301F-11D3-BF4B-00C04F79EFBC}") = "kagaminomori", "kagaminomori.csproj", "{0E1814FB-F8F1-6079-8B86-6CC92DB33560}"
EndProject
Project("{FAE04EC0-301F-11D3-BF4B-00C04F79EFBC}") = "kagaminomori.Editor", "kagaminomori.Editor.csproj", "{274532E4-962F-5062-B641-95980238A4FD}"
EndProject
Global
	GlobalSection(SolutionConfigurationPlatforms) = preSolution
		Debug|Any CPU = Debug|Any CPU
		Release|Any CPU = Release|Any CPU
	EndGlobalSection
	GlobalSection(ProjectConfigurationPlatforms) = postSolution
		{0E1814FB-F8F1-6079-8B86-6CC92DB33560}.Debug|Any CPU.ActiveCfg = Debug|Any CPU
		{0E1814FB-F8F1-6079-8B86-6CC92DB33560}.Debug|Any CPU.Build.0 = Debug|Any CPU
		{0E1814FB-F8F1-6079-8B86-6CC92DB33560}.Release|Any CPU.ActiveCfg = Release|Any CPU
		{0E1814FB-F8F1-6079-8B86-6CC92DB33560}.Release|Any CPU.Build.0 = Release|Any CPU
		{274532E4-962F-5062-B641-95980238A4FD}.Debug|Any CPU.ActiveCfg = Debug|Any CPU
		{274532E4-962F-5062-B641-95980238A4FD}.Debug|Any CPU.Build.0 = Debug|Any CPU
		{274532E4-962F-5062-B641-95980238A4FD}.Release|Any CPU.ActiveCfg = Release|Any CPU
		{274532E4-962F-5062-B641-95980238A4FD}.Release|Any CPU.Build.0 = Release|Any CPU
	EndGlobalSection
	GlobalSection(SolutionProperties) = preSolution
		HideSolutionNode = FALSE
	EndGlobalSection
EndGlobal
